{"1.2.0",
[{<<"opentelemetry_api">>,{pkg,<<"opentelemetry_api">>,<<"1.0.0-rc.1">>},0},
 {<<"telemetry">>,{pkg,<<"telemetry">>,<<"0.4.3">>},0},
 {<<"telemetry_registry">>,{pkg,<<"telemetry_registry">>,<<"0.2.1">>},0}]}.
[
{pkg_hash,[
 {<<"opentelemetry_api">>, <<"8BE0D75A467D5B903214C59F2D01DFF81969E1EA5D7D75A790B605DAAA7B36B9">>},
 {<<"telemetry">>, <<"A06428A514BDBC63293CD9A6263AAD00DDEB66F608163BDEC7C8995784080818">>},
 {<<"telemetry_registry">>, <<"FE648A691F2128E4279D993CD010994C67F282354DC061E697BF070D4B87B480">>}]},
{pkg_hash_ext,[
 {<<"opentelemetry_api">>, <<"22CFAD076849C138B8A4B5F0170F7C87178EA9CFF7A76F3137E8D93071A1D808">>},
 {<<"telemetry">>, <<"EB72B8365FFDA5BED68A620D1DA88525E326CB82A75EE61354FC24B844768041">>},
 {<<"telemetry_registry">>, <<"4221CEFBCADD0B3E7076960339223742D973F1371BC20F3826AF640257BC3690">>}]}
].
